
Microsoft Visual Studio Solution File, Format Version 12.00
# Visual Studio 15
VisualStudioVersion = 15.0.28010.2016
MinimumVisualStudioVersion = 10.0.40219.1
Project("{FAE04EC0-301F-11D3-BF4B-00C04F79EFBC}") = "topic6", "homework2\topic6.csproj", "{5FD580C2-827C-4AC1-9FFE-A6E6BD7AA1C5}"
EndProject
Project("{FAE04EC0-301F-11D3-BF4B-00C04F79EFBC}") = "topic7", "topic7\topic7.csproj", "{99C718AC-565B-49ED-AF84-A3BF7D383D81}"
EndProject
Project("{FAE04EC0-301F-11D3-BF4B-00C04F79EFBC}") = "topic9", "topic9\topic9.csproj", "{040958D6-AE97-459C-8FF1-FF8B6D91BCD5}"
EndProject
Global
	GlobalSection(SolutionConfigurationPlatforms) = preSolution
		Debug|Any CPU = Debug|Any CPU
		Release|Any CPU = Release|Any CPU
	EndGlobalSection
	GlobalSection(ProjectConfigurationPlatforms) = postSolution
		{5FD580C2-827C-4AC1-9FFE-A6E6BD7AA1C5}.Debug|Any CPU.ActiveCfg = Debug|Any CPU
		{5FD580C2-827C-4AC1-9FFE-A6E6BD7AA1C5}.Debug|Any CPU.Build.0 = Debug|Any CPU
		{5FD580C2-827C-4AC1-9FFE-A6E6BD7AA1C5}.Release|Any CPU.ActiveCfg = Release|Any CPU
		{5FD580C2-827C-4AC1-9FFE-A6E6BD7AA1C5}.Release|Any CPU.Build.0 = Release|Any CPU
		{99C718AC-565B-49ED-AF84-A3BF7D383D81}.Debug|Any CPU.ActiveCfg = Debug|Any CPU
		{99C718AC-565B-49ED-AF84-A3BF7D383D81}.Debug|Any CPU.Build.0 = Debug|Any CPU
		{99C718AC-565B-49ED-AF84-A3BF7D383D81}.Release|Any CPU.ActiveCfg = Release|Any CPU
		{99C718AC-565B-49ED-AF84-A3BF7D383D81}.Release|Any CPU.Build.0 = Release|Any CPU
		{040958D6-AE97-459C-8FF1-FF8B6D91BCD5}.Debug|Any CPU.ActiveCfg = Debug|Any CPU
		{040958D6-AE97-459C-8FF1-FF8B6D91BCD5}.Debug|Any CPU.Build.0 = Debug|Any CPU
		{040958D6-AE97-459C-8FF1-FF8B6D91BCD5}.Release|Any CPU.ActiveCfg = Release|Any CPU
		{040958D6-AE97-459C-8FF1-FF8B6D91BCD5}.Release|Any CPU.Build.0 = Release|Any CPU
	EndGlobalSection
	GlobalSection(SolutionProperties) = preSolution
		HideSolutionNode = FALSE
	EndGlobalSection
	GlobalSection(ExtensibilityGlobals) = postSolution
		SolutionGuid = {9B947E39-28F2-44AE-A6EA-E3D0C7D9B118}
	EndGlobalSection
EndGlobal
